
Microsoft Visual Studio Solution File, Format Version 12.00
# Visual Studio 15
VisualStudioVersion = 15.0.26124.0
MinimumVisualStudioVersion = 15.0.26124.0
Project("{2150E333-8FDC-42A3-9474-1A3956D46DE8}") = "src", "src", "{55224BBD-CA05-48C5-9C47-88848040D569}"
EndProject
Project("{2150E333-8FDC-42A3-9474-1A3956D46DE8}") = "Services", "Services", "{AC397F22-4897-46B2-9531-F1A5C6B23200}"
EndProject
Project("{2150E333-8FDC-42A3-9474-1A3956D46DE8}") = "Catalog", "Catalog", "{52A08046-60A5-4165-9B6F-E7E6CBDB0B03}"
EndProject
Project("{FAE04EC0-301F-11D3-BF4B-00C04F79EFBC}") = "Catalog.Api", "src\Services\Catalog\Catalog.Api\Catalog.Api.csproj", "{2A762D36-46FE-4E48-A2F1-64D027808ECA}"
EndProject
Project("{FAE04EC0-301F-11D3-BF4B-00C04F79EFBC}") = "Catalog.Domain", "src\Services\Catalog\Catalog.Domain\Catalog.Domain.csproj", "{41CCEE2B-9DF2-4566-BC04-E4EDE1886058}"
EndProject
Project("{FAE04EC0-301F-11D3-BF4B-00C04F79EFBC}") = "Catalog.Application", "src\Services\Catalog\Catalog.Application\Catalog.Application.csproj", "{79F555DB-0185-4601-9899-5FFF538CF840}"
EndProject
Project("{FAE04EC0-301F-11D3-BF4B-00C04F79EFBC}") = "Catalog.Persistence.Database", "src\Services\Catalog\Catalog.Persistence.Database\Catalog.Persistence.Database.csproj", "{37592BE6-737F-4437-AD9A-65372EC5E385}"
EndProject
Project("{FAE04EC0-301F-11D3-BF4B-00C04F79EFBC}") = "Catalog.Service.Queries", "src\Services\Catalog\Catalog.Service.Queries\Catalog.Service.Queries.csproj", "{7D04C2C0-AF4F-499A-8DEC-BD054248A6F1}"
EndProject
Project("{2150E333-8FDC-42A3-9474-1A3956D46DE8}") = "Common", "Common", "{A60E0FC7-8732-4B88-9CE9-95CC0442E018}"
EndProject
Project("{FAE04EC0-301F-11D3-BF4B-00C04F79EFBC}") = "Services.Common.Collection", "src\Services\Common\Services.Common.Collection\Services.Common.Collection.csproj", "{4EE947E2-C73F-410A-AF2E-BA829FF5D8FB}"
EndProject
Project("{FAE04EC0-301F-11D3-BF4B-00C04F79EFBC}") = "Services.Common.Paging", "src\Services\Common\Services.Common.Paging\Services.Common.Paging.csproj", "{5A5C6D25-7AF7-41BB-8061-5D2911ECF15D}"
EndProject
Project("{FAE04EC0-301F-11D3-BF4B-00C04F79EFBC}") = "Services.Common.Mapping", "src\Services\Common\Services.Common.Mapping\Services.Common.Mapping.csproj", "{D94B8178-41FB-4C79-B657-17FECCA111DB}"
EndProject
Project("{FAE04EC0-301F-11D3-BF4B-00C04F79EFBC}") = "Catalog.Service.EventHandlers", "src\Services\Catalog\Catalog.Service.EventHandlers\Catalog.Service.EventHandlers.csproj", "{AC50ADC1-C350-45E2-BF3A-BD3B54A4704F}"
EndProject
Global
	GlobalSection(SolutionConfigurationPlatforms) = preSolution
		Debug|Any CPU = Debug|Any CPU
		Debug|x64 = Debug|x64
		Debug|x86 = Debug|x86
		Release|Any CPU = Release|Any CPU
		Release|x64 = Release|x64
		Release|x86 = Release|x86
	EndGlobalSection
	GlobalSection(SolutionProperties) = preSolution
		HideSolutionNode = FALSE
	EndGlobalSection
	GlobalSection(ProjectConfigurationPlatforms) = postSolution
		{2A762D36-46FE-4E48-A2F1-64D027808ECA}.Debug|Any CPU.ActiveCfg = Debug|Any CPU
		{2A762D36-46FE-4E48-A2F1-64D027808ECA}.Debug|Any CPU.Build.0 = Debug|Any CPU
		{2A762D36-46FE-4E48-A2F1-64D027808ECA}.Debug|x64.ActiveCfg = Debug|Any CPU
		{2A762D36-46FE-4E48-A2F1-64D027808ECA}.Debug|x64.Build.0 = Debug|Any CPU
		{2A762D36-46FE-4E48-A2F1-64D027808ECA}.Debug|x86.ActiveCfg = Debug|Any CPU
		{2A762D36-46FE-4E48-A2F1-64D027808ECA}.Debug|x86.Build.0 = Debug|Any CPU
		{2A762D36-46FE-4E48-A2F1-64D027808ECA}.Release|Any CPU.ActiveCfg = Release|Any CPU
		{2A762D36-46FE-4E48-A2F1-64D027808ECA}.Release|Any CPU.Build.0 = Release|Any CPU
		{2A762D36-46FE-4E48-A2F1-64D027808ECA}.Release|x64.ActiveCfg = Release|Any CPU
		{2A762D36-46FE-4E48-A2F1-64D027808ECA}.Release|x64.Build.0 = Release|Any CPU
		{2A762D36-46FE-4E48-A2F1-64D027808ECA}.Release|x86.ActiveCfg = Release|Any CPU
		{2A762D36-46FE-4E48-A2F1-64D027808ECA}.Release|x86.Build.0 = Release|Any CPU
		{41CCEE2B-9DF2-4566-BC04-E4EDE1886058}.Debug|Any CPU.ActiveCfg = Debug|Any CPU
		{41CCEE2B-9DF2-4566-BC04-E4EDE1886058}.Debug|Any CPU.Build.0 = Debug|Any CPU
		{41CCEE2B-9DF2-4566-BC04-E4EDE1886058}.Debug|x64.ActiveCfg = Debug|Any CPU
		{41CCEE2B-9DF2-4566-BC04-E4EDE1886058}.Debug|x64.Build.0 = Debug|Any CPU
		{41CCEE2B-9DF2-4566-BC04-E4EDE1886058}.Debug|x86.ActiveCfg = Debug|Any CPU
		{41CCEE2B-9DF2-4566-BC04-E4EDE1886058}.Debug|x86.Build.0 = Debug|Any CPU
		{41CCEE2B-9DF2-4566-BC04-E4EDE1886058}.Release|Any CPU.ActiveCfg = Release|Any CPU
		{41CCEE2B-9DF2-4566-BC04-E4EDE1886058}.Release|Any CPU.Build.0 = Release|Any CPU
		{41CCEE2B-9DF2-4566-BC04-E4EDE1886058}.Release|x64.ActiveCfg = Release|Any CPU
		{41CCEE2B-9DF2-4566-BC04-E4EDE1886058}.Release|x64.Build.0 = Release|Any CPU
		{41CCEE2B-9DF2-4566-BC04-E4EDE1886058}.Release|x86.ActiveCfg = Release|Any CPU
		{41CCEE2B-9DF2-4566-BC04-E4EDE1886058}.Release|x86.Build.0 = Release|Any CPU
		{79F555DB-0185-4601-9899-5FFF538CF840}.Debug|Any CPU.ActiveCfg = Debug|Any CPU
		{79F555DB-0185-4601-9899-5FFF538CF840}.Debug|Any CPU.Build.0 = Debug|Any CPU
		{79F555DB-0185-4601-9899-5FFF538CF840}.Debug|x64.ActiveCfg = Debug|Any CPU
		{79F555DB-0185-4601-9899-5FFF538CF840}.Debug|x64.Build.0 = Debug|Any CPU
		{79F555DB-0185-4601-9899-5FFF538CF840}.Debug|x86.ActiveCfg = Debug|Any CPU
		{79F555DB-0185-4601-9899-5FFF538CF840}.Debug|x86.Build.0 = Debug|Any CPU
		{79F555DB-0185-4601-9899-5FFF538CF840}.Release|Any CPU.ActiveCfg = Release|Any CPU
		{79F555DB-0185-4601-9899-5FFF538CF840}.Release|Any CPU.Build.0 = Release|Any CPU
		{79F555DB-0185-4601-9899-5FFF538CF840}.Release|x64.ActiveCfg = Release|Any CPU
		{79F555DB-0185-4601-9899-5FFF538CF840}.Release|x64.Build.0 = Release|Any CPU
		{79F555DB-0185-4601-9899-5FFF538CF840}.Release|x86.ActiveCfg = Release|Any CPU
		{79F555DB-0185-4601-9899-5FFF538CF840}.Release|x86.Build.0 = Release|Any CPU
		{37592BE6-737F-4437-AD9A-65372EC5E385}.Debug|Any CPU.ActiveCfg = Debug|Any CPU
		{37592BE6-737F-4437-AD9A-65372EC5E385}.Debug|Any CPU.Build.0 = Debug|Any CPU
		{37592BE6-737F-4437-AD9A-65372EC5E385}.Debug|x64.ActiveCfg = Debug|Any CPU
		{37592BE6-737F-4437-AD9A-65372EC5E385}.Debug|x64.Build.0 = Debug|Any CPU
		{37592BE6-737F-4437-AD9A-65372EC5E385}.Debug|x86.ActiveCfg = Debug|Any CPU
		{37592BE6-737F-4437-AD9A-65372EC5E385}.Debug|x86.Build.0 = Debug|Any CPU
		{37592BE6-737F-4437-AD9A-65372EC5E385}.Release|Any CPU.ActiveCfg = Release|Any CPU
		{37592BE6-737F-4437-AD9A-65372EC5E385}.Release|Any CPU.Build.0 = Release|Any CPU
		{37592BE6-737F-4437-AD9A-65372EC5E385}.Release|x64.ActiveCfg = Release|Any CPU
		{37592BE6-737F-4437-AD9A-65372EC5E385}.Release|x64.Build.0 = Release|Any CPU
		{37592BE6-737F-4437-AD9A-65372EC5E385}.Release|x86.ActiveCfg = Release|Any CPU
		{37592BE6-737F-4437-AD9A-65372EC5E385}.Release|x86.Build.0 = Release|Any CPU
		{7D04C2C0-AF4F-499A-8DEC-BD054248A6F1}.Debug|Any CPU.ActiveCfg = Debug|Any CPU
		{7D04C2C0-AF4F-499A-8DEC-BD054248A6F1}.Debug|Any CPU.Build.0 = Debug|Any CPU
		{7D04C2C0-AF4F-499A-8DEC-BD054248A6F1}.Debug|x64.ActiveCfg = Debug|Any CPU
		{7D04C2C0-AF4F-499A-8DEC-BD054248A6F1}.Debug|x64.Build.0 = Debug|Any CPU
		{7D04C2C0-AF4F-499A-8DEC-BD054248A6F1}.Debug|x86.ActiveCfg = Debug|Any CPU
		{7D04C2C0-AF4F-499A-8DEC-BD054248A6F1}.Debug|x86.Build.0 = Debug|Any CPU
		{7D04C2C0-AF4F-499A-8DEC-BD054248A6F1}.Release|Any CPU.ActiveCfg = Release|Any CPU
		{7D04C2C0-AF4F-499A-8DEC-BD054248A6F1}.Release|Any CPU.Build.0 = Release|Any CPU
		{7D04C2C0-AF4F-499A-8DEC-BD054248A6F1}.Release|x64.ActiveCfg = Release|Any CPU
		{7D04C2C0-AF4F-499A-8DEC-BD054248A6F1}.Release|x64.Build.0 = Release|Any CPU
		{7D04C2C0-AF4F-499A-8DEC-BD054248A6F1}.Release|x86.ActiveCfg = Release|Any CPU
		{7D04C2C0-AF4F-499A-8DEC-BD054248A6F1}.Release|x86.Build.0 = Release|Any CPU
		{4EE947E2-C73F-410A-AF2E-BA829FF5D8FB}.Debug|Any CPU.ActiveCfg = Debug|Any CPU
		{4EE947E2-C73F-410A-AF2E-BA829FF5D8FB}.Debug|Any CPU.Build.0 = Debug|Any CPU
		{4EE947E2-C73F-410A-AF2E-BA829FF5D8FB}.Debug|x64.ActiveCfg = Debug|Any CPU
		{4EE947E2-C73F-410A-AF2E-BA829FF5D8FB}.Debug|x64.Build.0 = Debug|Any CPU
		{4EE947E2-C73F-410A-AF2E-BA829FF5D8FB}.Debug|x86.ActiveCfg = Debug|Any CPU
		{4EE947E2-C73F-410A-AF2E-BA829FF5D8FB}.Debug|x86.Build.0 = Debug|Any CPU
		{4EE947E2-C73F-410A-AF2E-BA829FF5D8FB}.Release|Any CPU.ActiveCfg = Release|Any CPU
		{4EE947E2-C73F-410A-AF2E-BA829FF5D8FB}.Release|Any CPU.Build.0 = Release|Any CPU
		{4EE947E2-C73F-410A-AF2E-BA829FF5D8FB}.Release|x64.ActiveCfg = Release|Any CPU
		{4EE947E2-C73F-410A-AF2E-BA829FF5D8FB}.Release|x64.Build.0 = Release|Any CPU
		{4EE947E2-C73F-410A-AF2E-BA829FF5D8FB}.Release|x86.ActiveCfg = Release|Any CPU
		{4EE947E2-C73F-410A-AF2E-BA829FF5D8FB}.Release|x86.Build.0 = Release|Any CPU
		{5A5C6D25-7AF7-41BB-8061-5D2911ECF15D}.Debug|Any CPU.ActiveCfg = Debug|Any CPU
		{5A5C6D25-7AF7-41BB-8061-5D2911ECF15D}.Debug|Any CPU.Build.0 = Debug|Any CPU
		{5A5C6D25-7AF7-41BB-8061-5D2911ECF15D}.Debug|x64.ActiveCfg = Debug|Any CPU
		{5A5C6D25-7AF7-41BB-8061-5D2911ECF15D}.Debug|x64.Build.0 = Debug|Any CPU
		{5A5C6D25-7AF7-41BB-8061-5D2911ECF15D}.Debug|x86.ActiveCfg = Debug|Any CPU
		{5A5C6D25-7AF7-41BB-8061-5D2911ECF15D}.Debug|x86.Build.0 = Debug|Any CPU
		{5A5C6D25-7AF7-41BB-8061-5D2911ECF15D}.Release|Any CPU.ActiveCfg = Release|Any CPU
		{5A5C6D25-7AF7-41BB-8061-5D2911ECF15D}.Release|Any CPU.Build.0 = Release|Any CPU
		{5A5C6D25-7AF7-41BB-8061-5D2911ECF15D}.Release|x64.ActiveCfg = Release|Any CPU
		{5A5C6D25-7AF7-41BB-8061-5D2911ECF15D}.Release|x64.Build.0 = Release|Any CPU
		{5A5C6D25-7AF7-41BB-8061-5D2911ECF15D}.Release|x86.ActiveCfg = Release|Any CPU
		{5A5C6D25-7AF7-41BB-8061-5D2911ECF15D}.Release|x86.Build.0 = Release|Any CPU
		{D94B8178-41FB-4C79-B657-17FECCA111DB}.Debug|Any CPU.ActiveCfg = Debug|Any CPU
		{D94B8178-41FB-4C79-B657-17FECCA111DB}.Debug|Any CPU.Build.0 = Debug|Any CPU
		{D94B8178-41FB-4C79-B657-17FECCA111DB}.Debug|x64.ActiveCfg = Debug|Any CPU
		{D94B8178-41FB-4C79-B657-17FECCA111DB}.Debug|x64.Build.0 = Debug|Any CPU
		{D94B8178-41FB-4C79-B657-17FECCA111DB}.Debug|x86.ActiveCfg = Debug|Any CPU
		{D94B8178-41FB-4C79-B657-17FECCA111DB}.Debug|x86.Build.0 = Debug|Any CPU
		{D94B8178-41FB-4C79-B657-17FECCA111DB}.Release|Any CPU.ActiveCfg = Release|Any CPU
		{D94B8178-41FB-4C79-B657-17FECCA111DB}.Release|Any CPU.Build.0 = Release|Any CPU
		{D94B8178-41FB-4C79-B657-17FECCA111DB}.Release|x64.ActiveCfg = Release|Any CPU
		{D94B8178-41FB-4C79-B657-17FECCA111DB}.Release|x64.Build.0 = Release|Any CPU
		{D94B8178-41FB-4C79-B657-17FECCA111DB}.Release|x86.ActiveCfg = Release|Any CPU
		{D94B8178-41FB-4C79-B657-17FECCA111DB}.Release|x86.Build.0 = Release|Any CPU
		{AC50ADC1-C350-45E2-BF3A-BD3B54A4704F}.Debug|Any CPU.ActiveCfg = Debug|Any CPU
		{AC50ADC1-C350-45E2-BF3A-BD3B54A4704F}.Debug|Any CPU.Build.0 = Debug|Any CPU
		{AC50ADC1-C350-45E2-BF3A-BD3B54A4704F}.Debug|x64.ActiveCfg = Debug|Any CPU
		{AC50ADC1-C350-45E2-BF3A-BD3B54A4704F}.Debug|x64.Build.0 = Debug|Any CPU
		{AC50ADC1-C350-45E2-BF3A-BD3B54A4704F}.Debug|x86.ActiveCfg = Debug|Any CPU
		{AC50ADC1-C350-45E2-BF3A-BD3B54A4704F}.Debug|x86.Build.0 = Debug|Any CPU
		{AC50ADC1-C350-45E2-BF3A-BD3B54A4704F}.Release|Any CPU.ActiveCfg = Release|Any CPU
		{AC50ADC1-C350-45E2-BF3A-BD3B54A4704F}.Release|Any CPU.Build.0 = Release|Any CPU
		{AC50ADC1-C350-45E2-BF3A-BD3B54A4704F}.Release|x64.ActiveCfg = Release|Any CPU
		{AC50ADC1-C350-45E2-BF3A-BD3B54A4704F}.Release|x64.Build.0 = Release|Any CPU
		{AC50ADC1-C350-45E2-BF3A-BD3B54A4704F}.Release|x86.ActiveCfg = Release|Any CPU
		{AC50ADC1-C350-45E2-BF3A-BD3B54A4704F}.Release|x86.Build.0 = Release|Any CPU
	EndGlobalSection
	GlobalSection(NestedProjects) = preSolution
		{AC397F22-4897-46B2-9531-F1A5C6B23200} = {55224BBD-CA05-48C5-9C47-88848040D569}
		{52A08046-60A5-4165-9B6F-E7E6CBDB0B03} = {AC397F22-4897-46B2-9531-F1A5C6B23200}
		{2A762D36-46FE-4E48-A2F1-64D027808ECA} = {52A08046-60A5-4165-9B6F-E7E6CBDB0B03}
		{41CCEE2B-9DF2-4566-BC04-E4EDE1886058} = {52A08046-60A5-4165-9B6F-E7E6CBDB0B03}
		{79F555DB-0185-4601-9899-5FFF538CF840} = {52A08046-60A5-4165-9B6F-E7E6CBDB0B03}
		{37592BE6-737F-4437-AD9A-65372EC5E385} = {52A08046-60A5-4165-9B6F-E7E6CBDB0B03}
		{7D04C2C0-AF4F-499A-8DEC-BD054248A6F1} = {52A08046-60A5-4165-9B6F-E7E6CBDB0B03}
		{A60E0FC7-8732-4B88-9CE9-95CC0442E018} = {AC397F22-4897-46B2-9531-F1A5C6B23200}
		{4EE947E2-C73F-410A-AF2E-BA829FF5D8FB} = {A60E0FC7-8732-4B88-9CE9-95CC0442E018}
		{5A5C6D25-7AF7-41BB-8061-5D2911ECF15D} = {A60E0FC7-8732-4B88-9CE9-95CC0442E018}
		{D94B8178-41FB-4C79-B657-17FECCA111DB} = {A60E0FC7-8732-4B88-9CE9-95CC0442E018}
		{AC50ADC1-C350-45E2-BF3A-BD3B54A4704F} = {52A08046-60A5-4165-9B6F-E7E6CBDB0B03}
	EndGlobalSection
EndGlobal
